
Microsoft Visual Studio Solution File, Format Version 12.00
# Visual Studio Version 16
VisualStudioVersion = 16.0.31515.178
MinimumVisualStudioVersion = 10.0.40219.1
Project("{FAE04EC0-301F-11D3-BF4B-00C04F79EFBC}") = "LegoMinifitures", "LegoMinifitures\LegoMinifitures.csproj", "{2B6AE14D-629E-4820-B637-B6AE4BBDC58E}"
EndProject
Global
	GlobalSection(SolutionConfigurationPlatforms) = preSolution
		Debug|Any CPU = Debug|Any CPU
		Release|Any CPU = Release|Any CPU
	EndGlobalSection
	GlobalSection(ProjectConfigurationPlatforms) = postSolution
		{2B6AE14D-629E-4820-B637-B6AE4BBDC58E}.Debug|Any CPU.ActiveCfg = Debug|Any CPU
		{2B6AE14D-629E-4820-B637-B6AE4BBDC58E}.Debug|Any CPU.Build.0 = Debug|Any CPU
		{2B6AE14D-629E-4820-B637-B6AE4BBDC58E}.Release|Any CPU.ActiveCfg = Release|Any CPU
		{2B6AE14D-629E-4820-B637-B6AE4BBDC58E}.Release|Any CPU.Build.0 = Release|Any CPU
	EndGlobalSection
	GlobalSection(SolutionProperties) = preSolution
		HideSolutionNode = FALSE
	EndGlobalSection
	GlobalSection(ExtensibilityGlobals) = postSolution
		SolutionGuid = {127F2E1D-8A10-4E94-94C7-CB99497F6A2C}
	EndGlobalSection
EndGlobal
